// !$*UTF8*$!
{
	archiveVersion = 1;
	classes = {
	};
	objectVersion = 46;
	objects = {

/* Begin PBXBuildFile section */
		3AC6B0871E394FA3008858B1 /* AppDelegate.swift in Sources */ = {isa = PBXBuildFile; fileRef = 3AC6B0861E394FA3008858B1 /* AppDelegate.swift */; };
		3AC6B0891E394FA9008858B1 /* ViewController.swift in Sources */ = {isa = PBXBuildFile; fileRef = 3AC6B0881E394FA9008858B1 /* ViewController.swift */; };
		3AC6B08B1E394FAE008858B1 /* Run.swift in Sources */ = {isa = PBXBuildFile; fileRef = 3AC6B08A1E394FAE008858B1 /* Run.swift */; };
		3AC6B08D1E394FB3008858B1 /* Info.plist in Resources */ = {isa = PBXBuildFile; fileRef = 3AC6B08C1E394FB3008858B1 /* Info.plist */; };
		3AC6B08F1E394FB6008858B1 /* devkit in Resources */ = {isa = PBXBuildFile; fileRef = 3AC6B08E1E394FB6008858B1 /* devkit */; };
		3AC6B0911E394FBD008858B1 /* Assets.xcassets in Resources */ = {isa = PBXBuildFile; fileRef = 3AC6B0901E394FBD008858B1 /* Assets.xcassets */; };
		3AC6B0961E394FD9008858B1 /* Main.storyboard in Resources */ = {isa = PBXBuildFile; fileRef = 3AC6B0941E394FD9008858B1 /* Main.storyboard */; };
/* End PBXBuildFile section */

/* Begin PBXFileReference section */
		3A5FCC921E37FC8C00E72452 /* devkitPro GUI Installer.app */ = {isa = PBXFileReference; explicitFileType = wrapper.application; includeInIndex = 0; path = "devkitPro GUI Installer.app"; sourceTree = BUILT_PRODUCTS_DIR; };
		3AC6B0861E394FA3008858B1 /* AppDelegate.swift */ = {isa = PBXFileReference; fileEncoding = 4; lastKnownFileType = sourcecode.swift; name = AppDelegate.swift; path = "devkitPro GUI Installer/AppDelegate.swift"; sourceTree = SOURCE_ROOT; };
		3AC6B0881E394FA9008858B1 /* ViewController.swift */ = {isa = PBXFileReference; fileEncoding = 4; lastKnownFileType = sourcecode.swift; name = ViewController.swift; path = "devkitPro GUI Installer/ViewController.swift"; sourceTree = SOURCE_ROOT; };
		3AC6B08A1E394FAE008858B1 /* Run.swift */ = {isa = PBXFileReference; fileEncoding = 4; lastKnownFileType = sourcecode.swift; name = Run.swift; path = "devkitPro GUI Installer/Run.swift"; sourceTree = SOURCE_ROOT; };
		3AC6B08C1E394FB3008858B1 /* Info.plist */ = {isa = PBXFileReference; fileEncoding = 4; lastKnownFileType = text.plist.xml; name = Info.plist; path = "devkitPro GUI Installer/Info.plist"; sourceTree = SOURCE_ROOT; };
		3AC6B08E1E394FB6008858B1 /* devkit */ = {isa = PBXFileReference; lastKnownFileType = folder; name = devkit; path = "devkitPro GUI Installer/devkit"; sourceTree = SOURCE_ROOT; };
		3AC6B0901E394FBD008858B1 /* Assets.xcassets */ = {isa = PBXFileReference; lastKnownFileType = folder.assetcatalog; name = Assets.xcassets; path = "devkitPro GUI Installer/Assets.xcassets"; sourceTree = SOURCE_ROOT; };
		3AC6B0951E394FD9008858B1 /* Base */ = {isa = PBXFileReference; lastKnownFileType = file.storyboard; name = Base; path = "devkitPro GUI Installer/Base.lproj/Main.storyboard"; sourceTree = SOURCE_ROOT; };
/* End PBXFileReference section */

/* Begin PBXFrameworksBuildPhase section */
		3A5FCC8F1E37FC8B00E72452 /* Frameworks */ = {
			isa = PBXFrameworksBuildPhase;
			buildActionMask = 2147483647;
			files = (
			);
			runOnlyForDeploymentPostprocessing = 0;
		};
/* End PBXFrameworksBuildPhase section */

/* Begin PBXGroup section */
		3A5FCC891E37FC8B00E72452 = {
			isa = PBXGroup;
			children = (
				3A5FCC941E37FC8C00E72452 /* devkitPro GUI Installer */,
				3A5FCC931E37FC8C00E72452 /* Products */,
			);
			sourceTree = "<group>";
		};
		3A5FCC931E37FC8C00E72452 /* Products */ = {
			isa = PBXGroup;
			children = (
				3A5FCC921E37FC8C00E72452 /* devkitPro GUI Installer.app */,
			);
			name = Products;
			sourceTree = "<group>";
		};
		3A5FCC941E37FC8C00E72452 /* devkitPro GUI Installer */ = {
			isa = PBXGroup;
			children = (
				3AC6B0861E394FA3008858B1 /* AppDelegate.swift */,
				3AC6B0881E394FA9008858B1 /* ViewController.swift */,
				3AC6B0941E394FD9008858B1 /* Main.storyboard */,
				3AC6B08A1E394FAE008858B1 /* Run.swift */,
				3AC6B08C1E394FB3008858B1 /* Info.plist */,
				3AC6B0901E394FBD008858B1 /* Assets.xcassets */,
				3AC6B08E1E394FB6008858B1 /* devkit */,
			);
			name = "devkitPro GUI Installer";
			path = "devkitARM GUI Installer";
			sourceTree = "<group>";
		};
/* End PBXGroup section */

/* Begin PBXNativeTarget section */
		3A5FCC911E37FC8B00E72452 /* devkitPro GUI Installer */ = {
			isa = PBXNativeTarget;
			buildConfigurationList = 3A5FCCA11E37FC8C00E72452 /* Build configuration list for PBXNativeTarget "devkitPro GUI Installer" */;
			buildPhases = (
				3A5FCC8E1E37FC8B00E72452 /* Sources */,
				3A5FCC8F1E37FC8B00E72452 /* Frameworks */,
				3A5FCC901E37FC8B00E72452 /* Resources */,
			);
			buildRules = (
			);
			dependencies = (
			);
			name = "devkitPro GUI Installer";
			productName = "devkitARM GUI Installer";
			productReference = 3A5FCC921E37FC8C00E72452 /* devkitPro GUI Installer.app */;
			productType = "com.apple.product-type.application";
		};
/* End PBXNativeTarget section */

/* Begin PBXProject section */
		3A5FCC8A1E37FC8B00E72452 /* Project object */ = {
			isa = PBXProject;
			attributes = {
				LastSwiftUpdateCheck = 0820;
				LastUpgradeCheck = 0820;
				ORGANIZATIONNAME = Adrian;
				TargetAttributes = {
					3A5FCC911E37FC8B00E72452 = {
						CreatedOnToolsVersion = 8.2.1;
						DevelopmentTeam = FTTZS623CZ;
						LastSwiftMigration = 0820;
						ProvisioningStyle = Automatic;
					};
				};
			};
			buildConfigurationList = 3A5FCC8D1E37FC8B00E72452 /* Build configuration list for PBXProject "devkitPro GUI Installer" */;
			compatibilityVersion = "Xcode 3.2";
			developmentRegion = English;
			hasScannedForEncodings = 0;
			knownRegions = (
				en,
				Base,
			);
			mainGroup = 3A5FCC891E37FC8B00E72452;
			productRefGroup = 3A5FCC931E37FC8C00E72452 /* Products */;
			projectDirPath = "";
			projectRoot = "";
			targets = (
				3A5FCC911E37FC8B00E72452 /* devkitPro GUI Installer */,
			);
		};
/* End PBXProject section */

/* Begin PBXResourcesBuildPhase section */
		3A5FCC901E37FC8B00E72452 /* Resources */ = {
			isa = PBXResourcesBuildPhase;
			buildActionMask = 2147483647;
			files = (
				3AC6B08D1E394FB3008858B1 /* Info.plist in Resources */,
				3AC6B0911E394FBD008858B1 /* Assets.xcassets in Resources */,
				3AC6B08F1E394FB6008858B1 /* devkit in Resources */,
				3AC6B0961E394FD9008858B1 /* Main.storyboard in Resources */,
			);
			runOnlyForDeploymentPostprocessing = 0;
		};
/* End PBXResourcesBuildPhase section */

/* Begin PBXSourcesBuildPhase section */
		3A5FCC8E1E37FC8B00E72452 /* Sources */ = {
			isa = PBXSourcesBuildPhase;
			buildActionMask = 2147483647;
			files = (
				3AC6B0891E394FA9008858B1 /* ViewController.swift in Sources */,
				3AC6B08B1E394FAE008858B1 /* Run.swift in Sources */,
				3AC6B0871E394FA3008858B1 /* AppDelegate.swift in Sources */,
			);
			runOnlyForDeploymentPostprocessing = 0;
		};
/* End PBXSourcesBuildPhase section */

/* Begin PBXVariantGroup section */
		3AC6B0941E394FD9008858B1 /* Main.storyboard */ = {
			isa = PBXVariantGroup;
			children = (
				3AC6B0951E394FD9008858B1 /* Base */,
			);
			name = Main.storyboard;
			sourceTree = "<group>";
		};
/* End PBXVariantGroup section */

/* Begin XCBuildConfiguration section */
		3A5FCC9F1E37FC8C00E72452 /* Debug */ = {
			isa = XCBuildConfiguration;
			buildSettings = {
				ALWAYS_SEARCH_USER_PATHS = NO;
				CLANG_ANALYZER_NONNULL = YES;
				CLANG_CXX_LANGUAGE_STANDARD = "gnu++0x";
				CLANG_CXX_LIBRARY = "libc++";
				CLANG_ENABLE_MODULES = YES;
				CLANG_ENABLE_OBJC_ARC = YES;
				CLANG_WARN_BOOL_CONVERSION = YES;
				CLANG_WARN_CONSTANT_CONVERSION = YES;
				CLANG_WARN_DIRECT_OBJC_ISA_USAGE = YES_ERROR;
				CLANG_WARN_DOCUMENTATION_COMMENTS = YES;
				CLANG_WARN_EMPTY_BODY = YES;
				CLANG_WARN_ENUM_CONVERSION = YES;
				CLANG_WARN_INFINITE_RECURSION = YES;
				CLANG_WARN_INT_CONVERSION = YES;
				CLANG_WARN_OBJC_ROOT_CLASS = YES_ERROR;
				CLANG_WARN_SUSPICIOUS_MOVE = YES;
				CLANG_WARN_UNREACHABLE_CODE = YES;
				CLANG_WARN__DUPLICATE_METHOD_MATCH = YES;
				CODE_SIGN_IDENTITY = "-";
				COPY_PHASE_STRIP = NO;
				DEBUG_INFORMATION_FORMAT = dwarf;
				ENABLE_STRICT_OBJC_MSGSEND = YES;
				ENABLE_TESTABILITY = YES;
				GCC_C_LANGUAGE_STANDARD = gnu99;
				GCC_DYNAMIC_NO_PIC = NO;
				GCC_NO_COMMON_BLOCKS = YES;
				GCC_OPTIMIZATION_LEVEL = 0;
				GCC_PREPROCESSOR_DEFINITIONS = (
					"DEBUG=1",
					"$(inherited)",
				);
				GCC_WARN_64_TO_32_BIT_CONVERSION = YES;
				GCC_WARN_ABOUT_RETURN_TYPE = YES_ERROR;
				GCC_WARN_UNDECLARED_SELECTOR = YES;
				GCC_WARN_UNINITIALIZED_AUTOS = YES_AGGRESSIVE;
				GCC_WARN_UNUSED_FUNCTION = YES;
				GCC_WARN_UNUSED_VARIABLE = YES;
				MACOSX_DEPLOYMENT_TARGET = 10.12;
				MTL_ENABLE_DEBUG_INFO = YES;
				ONLY_ACTIVE_ARCH = YES;
				SDKROOT = macosx;
				SWIFT_ACTIVE_COMPILATION_CONDITIONS = DEBUG;
				SWIFT_OPTIMIZATION_LEVEL = "-Onone";
			};
			name = Debug;
		};
		3A5FCCA01E37FC8C00E72452 /* Release */ = {
			isa = XCBuildConfiguration;
			buildSettings = {
				ALWAYS_SEARCH_USER_PATHS = NO;
				CLANG_ANALYZER_NONNULL = YES;
				CLANG_CXX_LANGUAGE_STANDARD = "gnu++0x";
				CLANG_CXX_LIBRARY = "libc++";
				CLANG_ENABLE_MODULES = YES;
				CLANG_ENABLE_OBJC_ARC = YES;
				CLANG_WARN_BOOL_CONVERSION = YES;
				CLANG_WARN_CONSTANT_CONVERSION = YES;
				CLANG_WARN_DIRECT_OBJC_ISA_USAGE = YES_ERROR;
				CLANG_WARN_DOCUMENTATION_COMMENTS = YES;
				CLANG_WARN_EMPTY_BODY = YES;
				CLANG_WARN_ENUM_CONVERSION = YES;
				CLANG_WARN_INFINITE_RECURSION = YES;
				CLANG_WARN_INT_CONVERSION = YES;
				CLANG_WARN_OBJC_ROOT_CLASS = YES_ERROR;
				CLANG_WARN_SUSPICIOUS_MOVE = YES;
				CLANG_WARN_UNREACHABLE_CODE = YES;
				CLANG_WARN__DUPLICATE_METHOD_MATCH = YES;
				CODE_SIGN_IDENTITY = "-";
				COPY_PHASE_STRIP = NO;
				DEBUG_INFORMATION_FORMAT = "dwarf-with-dsym";
				ENABLE_NS_ASSERTIONS = NO;
				ENABLE_STRICT_OBJC_MSGSEND = YES;
				GCC_C_LANGUAGE_STANDARD = gnu99;
				GCC_NO_COMMON_BLOCKS = YES;
				GCC_WARN_64_TO_32_BIT_CONVERSION = YES;
				GCC_WARN_ABOUT_RETURN_TYPE = YES_ERROR;
				GCC_WARN_UNDECLARED_SELECTOR = YES;
				GCC_WARN_UNINITIALIZED_AUTOS = YES_AGGRESSIVE;
				GCC_WARN_UNUSED_FUNCTION = YES;
				GCC_WARN_UNUSED_VARIABLE = YES;
				MACOSX_DEPLOYMENT_TARGET = 10.12;
				MTL_ENABLE_DEBUG_INFO = NO;
				SDKROOT = macosx;
				SWIFT_OPTIMIZATION_LEVEL = "-Owholemodule";
			};
			name = Release;
		};
		3A5FCCA21E37FC8C00E72452 /* Debug */ = {
			isa = XCBuildConfiguration;
			buildSettings = {
				ASSETCATALOG_COMPILER_APPICON_NAME = AppIcon;
				CLANG_ENABLE_MODULES = YES;
				COMBINE_HIDPI_IMAGES = YES;
				DEVELOPMENT_TEAM = FTTZS623CZ;
				INFOPLIST_FILE = "$(SRCROOT)/devkitPro GUI Installer/Info.plist";
				LD_RUNPATH_SEARCH_PATHS = "$(inherited) @executable_path/../Frameworks";
				PRODUCT_BUNDLE_IDENTIFIER = "ch.ada.devkitPro-GUI-Installer";
				PRODUCT_NAME = "$(TARGET_NAME)";
				SWIFT_OPTIMIZATION_LEVEL = "-Onone";
				SWIFT_VERSION = 3.0;
			};
			name = Debug;
		};
		3A5FCCA31E37FC8C00E72452 /* Release */ = {
			isa = XCBuildConfiguration;
			buildSettings = {
				ASSETCATALOG_COMPILER_APPICON_NAME = AppIcon;
				CLANG_ENABLE_MODULES = YES;
				COMBINE_HIDPI_IMAGES = YES;
				DEVELOPMENT_TEAM = FTTZS623CZ;
				INFOPLIST_FILE = "$(SRCROOT)/devkitPro GUI Installer/Info.plist";
				LD_RUNPATH_SEARCH_PATHS = "$(inherited) @executable_path/../Frameworks";
				PRODUCT_BUNDLE_IDENTIFIER = "ch.ada.devkitPro-GUI-Installer";
				PRODUCT_NAME = "$(TARGET_NAME)";
				SWIFT_VERSION = 3.0;
			};
			name = Release;
		};
/* End XCBuildConfiguration section */

/* Begin XCConfigurationList section */
		3A5FCC8D1E37FC8B00E72452 /* Build configuration list for PBXProject "devkitPro GUI Installer" */ = {
			isa = XCConfigurationList;
			buildConfigurations = (
				3A5FCC9F1E37FC8C00E72452 /* Debug */,
				3A5FCCA01E37FC8C00E72452 /* Release */,
			);
			defaultConfigurationIsVisible = 0;
			defaultConfigurationName = Release;
		};
		3A5FCCA11E37FC8C00E72452 /* Build configuration list for PBXNativeTarget "devkitPro GUI Installer" */ = {
			isa = XCConfigurationList;
			buildConfigurations = (
				3A5FCCA21E37FC8C00E72452 /* Debug */,
				3A5FCCA31E37FC8C00E72452 /* Release */,
			);
			defaultConfigurationIsVisible = 0;
			defaultConfigurationName = Release;
		};
/* End XCConfigurationList section */
	};
	rootObject = 3A5FCC8A1E37FC8B00E72452 /* Project object */;
}
